
Microsoft Visual Studio Solution File, Format Version 12.00
# Visual Studio Version 16
VisualStudioVersion = 16.0.29324.140
MinimumVisualStudioVersion = 10.0.40219.1
Project("{FAE04EC0-301F-11D3-BF4B-00C04F79EFBC}") = "WindowsFormsCalculatorControl", "WindowsFormsCalculatorControl.csproj", "{C22571B9-F8C5-4420-8F7D-C4A5478D18BD}"
EndProject
Global
	GlobalSection(SolutionConfigurationPlatforms) = preSolution
		Debug|Any CPU = Debug|Any CPU
		Release|Any CPU = Release|Any CPU
	EndGlobalSection
	GlobalSection(ProjectConfigurationPlatforms) = postSolution
		{C22571B9-F8C5-4420-8F7D-C4A5478D18BD}.Debug|Any CPU.ActiveCfg = Debug|Any CPU
		{C22571B9-F8C5-4420-8F7D-C4A5478D18BD}.Debug|Any CPU.Build.0 = Debug|Any CPU
		{C22571B9-F8C5-4420-8F7D-C4A5478D18BD}.Release|Any CPU.ActiveCfg = Release|Any CPU
		{C22571B9-F8C5-4420-8F7D-C4A5478D18BD}.Release|Any CPU.Build.0 = Release|Any CPU
	EndGlobalSection
	GlobalSection(SolutionProperties) = preSolution
		HideSolutionNode = FALSE
	EndGlobalSection
	GlobalSection(ExtensibilityGlobals) = postSolution
		SolutionGuid = {17E91C26-E690-41F9-93DE-7CD56DC65BC1}
	EndGlobalSection
EndGlobal
